# This file is automatically @generated by Poetry 2.2.1 and should not be changed by hand.

[[package]]
name = "boto3"
version = "1.7.84"
description = "The AWS SDK for Python"
optional = false
python-versions = "*"
groups = ["main"]
markers = "python_version == \"3.9\""
files = [
    {file = "boto3-1.7.84-py2.py3-none-any.whl", hash = "sha256:0ed4b107c3b4550547aaec3c9bb17df068ff92d1f6f4781205800e2cb8a66de5"},
    {file = "boto3-1.7.84.tar.gz", hash = "sha256:64496f2c814e454e26c024df86bd08fb4643770d0e2b7a8fd70055fc6683eb9d"},
]

[package.dependencies]
botocore = ">=1.10.84,<1.11.0"
jmespath = ">=0.7.1,<1.0.0"
s3transfer = ">=0.1.10,<0.2.0"

[[package]]
name = "boto3"
version = "1.36.15"
description = "The AWS SDK for Python"
optional = false
python-versions = ">=3.8"
groups = ["main"]
markers = "python_version >= \"3.10\""
files = [
    {file = "boto3-1.36.15-py3-none-any.whl", hash = "sha256:b218092b08ce15fe29b2358345f4ccb812a2377a5e9bccd49e391a5976a24202"},
    {file = "boto3-1.36.15.tar.gz", hash = "sha256:721d689ebd07a9a95f904356bd97f92032d8006a54eea25316ba55a7585ca7e9"},
]

[package.dependencies]
botocore = ">=1.36.15,<1.37.0"
jmespath = ">=0.7.1,<2.0.0"
s3transfer = ">=0.11.0,<0.12.0"

[package.extras]
crt = ["botocore[crt] (>=1.21.0,<2.0a0)"]

[[package]]
name = "botocore"
version = "1.10.84"
description = "Low-level, data-driven core of boto 3."
optional = false
python-versions = "*"
groups = ["main"]
markers = "python_version == \"3.9\""
files = [
    {file = "botocore-1.10.84-py2.py3-none-any.whl", hash = "sha256:380852e1adb9ba4ba9ff096af61f88a6888197b86e580e1bd786f04ebe6f9c0c"},
    {file = "botocore-1.10.84.tar.gz", hash = "sha256:d3e4b5a2c903ea30d19d41ea2f65d0e51dce54f4f4c4dfd6ecd7b04f240844a8"},
]

[package.dependencies]
docutils = ">=0.10"
jmespath = ">=0.7.1,<1.0.0"
python-dateutil = {version = ">=2.1,<3.0.0", markers = "python_version >= \"2.7\""}

[[package]]
name = "botocore"
version = "1.36.15"
description = "Low-level, data-driven core of boto 3."
optional = false
python-versions = ">=3.8"
groups = ["main"]
markers = "python_version >= \"3.10\""
files = [
    {file = "botocore-1.36.15-py3-none-any.whl", hash = "sha256:fe0f8d786029125f4c66a30b1d81a551f667b0915dac843604ffa0652c5ff475"},
    {file = "botocore-1.36.15.tar.gz", hash = "sha256:ab8e69930ef6c42784eb2dee6c0256627ca6bba57730ebe3056179d28aa63d44"},
]

[package.dependencies]
jmespath = ">=0.7.1,<2.0.0"
python-dateutil = ">=2.1,<3.0.0"
urllib3 = {version = ">=1.25.4,<2.2.0 || >2.2.0,<3", markers = "python_version >= \"3.10\""}

[package.extras]
crt = ["awscrt (==0.23.8)"]

[[package]]
name = "docutils"
version = "0.22.4"
description = "Docutils -- Python Documentation Utilities"
optional = false
python-versions = ">=3.9"
groups = ["main"]
markers = "python_version == \"3.9\""
files = [
    {file = "docutils-0.22.4-py3-none-any.whl", hash = "sha256:d0013f540772d1420576855455d050a2180186c91c15779301ac2ccb3eeb68de"},
    {file = "docutils-0.22.4.tar.gz", hash = "sha256:4db53b1fde9abecbb74d91230d32ab626d94f6badfc575d6db9194a49df29968"},
]

[[package]]
name = "jmespath"
version = "0.10.0"
description = "JSON Matching Expressions"
optional = false
python-versions = ">=2.6, !=3.0.*, !=3.1.*, !=3.2.*"
groups = ["main"]
markers = "python_version == \"3.9\""
files = [
    {file = "jmespath-0.10.0-py2.py3-none-any.whl", hash = "sha256:cdf6525904cc597730141d61b36f2e4b8ecc257c420fa2f4549bac2c2d0cb72f"},
    {file = "jmespath-0.10.0.tar.gz", hash = "sha256:b85d0567b8666149a93172712e68920734333c0ce7e89b78b3e987f71e5ed4f9"},
]

[[package]]
name = "jmespath"
version = "1.0.1"
description = "JSON Matching Expressions"
optional = false
python-versions = ">=3.7"
groups = ["main"]
markers = "python_version >= \"3.10\""
files = [
    {file = "jmespath-1.0.1-py3-none-any.whl", hash = "sha256:02e2e4cc71b5bcab88332eebf907519190dd9e6e82107fa7f83b1003a6252980"},
    {file = "jmespath-1.0.1.tar.gz", hash = "sha256:90261b206d6defd58fdd5e85f478bf633a2901798906be2ad389150c5c60edbe"},
]

[[package]]
name = "osbot-aws"
version = "2.37.17"
description = "OWASP Security Bot - AWS"
optional = false
python-versions = "<4.0,>=3.9"
groups = ["main"]
files = [
    {file = "osbot_aws-2.37.17-py3-none-any.whl", hash = "sha256:f3e9538cd894701ed737635827ad956cf1b85b0b39b0ac284af5ffe36f8be315"},
    {file = "osbot_aws-2.37.17.tar.gz", hash = "sha256:43cab632464acc4d5999304fa2c860470ac9c4804ad5e847e31fa602e08ca318"},
]

[package.dependencies]
boto3 = "*"
osbot-utils = "*"

[[package]]
name = "osbot-utils"
version = "2.22.0"
description = "OWASP Security Bot - Utils"
optional = false
python-versions = "<4.0,>=3.7"
groups = ["main"]
files = [
    {file = "osbot_utils-2.22.0-py3-none-any.whl", hash = "sha256:fd1c1731185ef167c2a7c47880c103730a47899ea4826ac9553b9b599aca4487"},
    {file = "osbot_utils-2.22.0.tar.gz", hash = "sha256:37ab319e653a9e298b90e5aabfaa9cb7689600d2852791065cce1869d4707408"},
]

[[package]]
name = "python-dateutil"
version = "2.9.0.post0"
description = "Extensions to the standard Python datetime module"
optional = false
python-versions = "!=3.0.*,!=3.1.*,!=3.2.*,>=2.7"
groups = ["main"]
files = [
    {file = "python-dateutil-2.9.0.post0.tar.gz", hash = "sha256:37dd54208da7e1cd875388217d5e00ebd4179249f90fb72437e91a35459a0ad3"},
    {file = "python_dateutil-2.9.0.post0-py2.py3-none-any.whl", hash = "sha256:a8b2bc7bffae282281c8140a97d3aa9c14da0b136dfe83f850eea9a5f7470427"},
]

[package.dependencies]
six = ">=1.5"

[[package]]
name = "s3transfer"
version = "0.1.13"
description = "An Amazon S3 Transfer Manager"
optional = false
python-versions = "*"
groups = ["main"]
markers = "python_version == \"3.9\""
files = [
    {file = "s3transfer-0.1.13-py2.py3-none-any.whl", hash = "sha256:c7a9ec356982d5e9ab2d4b46391a7d6a950e2b04c472419f5fdec70cc0ada72f"},
    {file = "s3transfer-0.1.13.tar.gz", hash = "sha256:90dc18e028989c609146e241ea153250be451e05ecc0c2832565231dacdf59c1"},
]

[package.dependencies]
botocore = ">=1.3.0,<2.0.0"

[[package]]
name = "s3transfer"
version = "0.11.2"
description = "An Amazon S3 Transfer Manager"
optional = false
python-versions = ">=3.8"
groups = ["main"]
markers = "python_version >= \"3.10\""
files = [
    {file = "s3transfer-0.11.2-py3-none-any.whl", hash = "sha256:be6ecb39fadd986ef1701097771f87e4d2f821f27f6071c872143884d2950fbc"},
    {file = "s3transfer-0.11.2.tar.gz", hash = "sha256:3b39185cb72f5acc77db1a58b6e25b977f28d20496b6e58d6813d75f464d632f"},
]

[package.dependencies]
botocore = ">=1.36.0,<2.0a.0"

[package.extras]
crt = ["botocore[crt] (>=1.36.0,<2.0a.0)"]

[[package]]
name = "six"
version = "1.17.0"
description = "Python 2 and 3 compatibility utilities"
optional = false
python-versions = "!=3.0.*,!=3.1.*,!=3.2.*,>=2.7"
groups = ["main"]
files = [
    {file = "six-1.17.0-py2.py3-none-any.whl", hash = "sha256:4721f391ed90541fddacab5acf947aa0d3dc7d27b2e1e8eda2be8970586c3274"},
    {file = "six-1.17.0.tar.gz", hash = "sha256:ff70335d468e7eb6ec65b95b99d3a2836546063f63acc5171de367e834932a81"},
]

[[package]]
name = "urllib3"
version = "2.6.3"
description = "HTTP library with thread-safe connection pooling, file post, and more."
optional = false
python-versions = ">=3.9"
groups = ["main"]
files = [
    {file = "urllib3-2.6.3-py3-none-any.whl", hash = "sha256:bf272323e553dfb2e87d9bfd225ca7b0f467b919d7bbd355436d3fd37cb0acd4"},
    {file = "urllib3-2.6.3.tar.gz", hash = "sha256:1b62b6884944a57dbe321509ab94fd4d3b307075e0c2eae991ac71ee15ad38ed"},
]

[package.extras]
brotli = ["brotli (>=1.2.0) ; platform_python_implementation == \"CPython\"", "brotlicffi (>=1.2.0.0) ; platform_python_implementation != \"CPython\""]
h2 = ["h2 (>=4,<5)"]
socks = ["pysocks (>=1.5.6,!=1.5.7,<2.0)"]
zstd = ["backports-zstd (>=1.0.0) ; python_version < \"3.14\""]

[metadata]
lock-version = "2.1"
python-versions = "^3.9"
content-hash = "0741567396659246a7e8b88e56a799075dd7ebc9e096b2ae237d82dd1891fcea"
